<Solution>
  <Folder Name="/SolutionItems/">
    <File Path=".gitignore" />
    <File Path="nuget.config" />
    <File Path="docs/identity-aggregates.html" />
    <File Path="docs/identity-erd.html" />
    <File Path="docs/identity-analysis.md" />
    <File Path="docs/identity-backlog.md" />
    <File Path="docs/later.md" />
  </Folder>
  <Folder Name="/SolutionItems/infra/" />
  <Folder Name="/SolutionItems/infra/redis/">
    <File Path="infra/redis/redis.conf" />
    <File Path="infra/redis/users.acl" />
    <File Path="infra/redis/tls/ca.crt" />
    <File Path="infra/redis/tls/ca.key" />
    <File Path="infra/redis/tls/redis.crt" />
    <File Path="infra/redis/tls/redis.key" />
  </Folder>
  <Folder Name="/SolutionItems/secrets/">
    <File Path="secrets/identity-signing-key.pem" />
    <File Path="secrets/identity-dataprotection.pem" />
    <File Path="secrets/redis-identity.txt" />
  </Folder>
  <Folder Name="/Backend/" />
  <Folder Name="/Backend/Services/" />
  <Folder Name="/Backend/Services/Identity/">
    <Project Path="Backend/Services/Identity/Harmony.Identity.Api/Harmony.Identity.Api.csproj" Id="50e49367-88d3-47d7-ae34-cbe5335b6293" />
    <Project Path="Backend/Services/Identity/Harmony.Identity.Domain/Harmony.Identity.Domain.csproj" Id="beb6eb15-6f9d-4982-8e99-8090434d2361" />
    <Project Path="Backend/Services/Identity/Harmony.Identity.Handler/Harmony.Identity.Handler.csproj" Id="d85d7230-69d8-42c6-959e-76523354e073" />
    <Project Path="Backend/Services/Identity/Harmony.Identity.Infrastructure/Harmony.Identity.Infrastructure.csproj" Id="80b4ba10-5b6b-4eea-94bb-9d4b9da728e0" />
  </Folder>
  <Folder Name="/Frontend/" />
</Solution>
